PODS:
  - Flutter (1.0.0)
  - stone_flutter_kit (0.0.1):
    - Flutter

DEPENDENCIES:
  - Flutter (from `Flutter`)
  - stone_flutter_kit (from `.symlinks/plugins/stone_flutter_kit/ios`)

EXTERNAL SOURCES:
  Flutter:
    :path: Flutter
  stone_flutter_kit:
    :path: ".symlinks/plugins/stone_flutter_kit/ios"

SPEC CHECKSUMS:
  Flutter: 0e3d915762c693b495b44d77113d4970485de6ec
  stone_flutter_kit: 84f58c0935173c6ff41828f881f9e5554a544c8b

PODFILE CHECKSUM: 1b66dae606f75376c5f2135a8290850eeb09ae83

COCOAPODS: 1.8.1
